
Microsoft Visual Studio Solution File, Format Version 12.00
# Visual Studio Version 17
VisualStudioVersion = 17.14.36310.24
MinimumVisualStudioVersion = 10.0.40219.1
Project("{FAE04EC0-301F-11D3-BF4B-00C04F79EFBC}") = "DBBroker", "DBBroker\DBBroker.csproj", "{0D6F0E39-EC07-411D-B34C-1E2A629FA62D}"
EndProject
Project("{FAE04EC0-301F-11D3-BF4B-00C04F79EFBC}") = "Domen", "Domen\Domen.csproj", "{1921D0B7-FD1D-4B3A-BF04-268B51AC5076}"
EndProject
Project("{FAE04EC0-301F-11D3-BF4B-00C04F79EFBC}") = "KlijentForme", "KlijentForme\KlijentForme.csproj", "{79B81EDA-4FA7-4CBF-BF33-73F13F1B4DA2}"
EndProject
Project("{FAE04EC0-301F-11D3-BF4B-00C04F79EFBC}") = "TrenerForme", "TrenerForme\TrenerForme.csproj", "{8DDE78F9-4524-4238-8623-8A5E08C4421B}"
EndProject
Global
	GlobalSection(SolutionConfigurationPlatforms) = preSolution
		Debug|Any CPU = Debug|Any CPU
		Release|Any CPU = Release|Any CPU
	EndGlobalSection
	GlobalSection(ProjectConfigurationPlatforms) = postSolution
		{0D6F0E39-EC07-411D-B34C-1E2A629FA62D}.Debug|Any CPU.ActiveCfg = Debug|Any CPU
		{0D6F0E39-EC07-411D-B34C-1E2A629FA62D}.Debug|Any CPU.Build.0 = Debug|Any CPU
		{0D6F0E39-EC07-411D-B34C-1E2A629FA62D}.Release|Any CPU.ActiveCfg = Release|Any CPU
		{0D6F0E39-EC07-411D-B34C-1E2A629FA62D}.Release|Any CPU.Build.0 = Release|Any CPU
		{1921D0B7-FD1D-4B3A-BF04-268B51AC5076}.Debug|Any CPU.ActiveCfg = Debug|Any CPU
		{1921D0B7-FD1D-4B3A-BF04-268B51AC5076}.Debug|Any CPU.Build.0 = Debug|Any CPU
		{1921D0B7-FD1D-4B3A-BF04-268B51AC5076}.Release|Any CPU.ActiveCfg = Release|Any CPU
		{1921D0B7-FD1D-4B3A-BF04-268B51AC5076}.Release|Any CPU.Build.0 = Release|Any CPU
		{79B81EDA-4FA7-4CBF-BF33-73F13F1B4DA2}.Debug|Any CPU.ActiveCfg = Debug|Any CPU
		{79B81EDA-4FA7-4CBF-BF33-73F13F1B4DA2}.Debug|Any CPU.Build.0 = Debug|Any CPU
		{79B81EDA-4FA7-4CBF-BF33-73F13F1B4DA2}.Release|Any CPU.ActiveCfg = Release|Any CPU
		{79B81EDA-4FA7-4CBF-BF33-73F13F1B4DA2}.Release|Any CPU.Build.0 = Release|Any CPU
		{8DDE78F9-4524-4238-8623-8A5E08C4421B}.Debug|Any CPU.ActiveCfg = Debug|Any CPU
		{8DDE78F9-4524-4238-8623-8A5E08C4421B}.Debug|Any CPU.Build.0 = Debug|Any CPU
		{8DDE78F9-4524-4238-8623-8A5E08C4421B}.Release|Any CPU.ActiveCfg = Release|Any CPU
		{8DDE78F9-4524-4238-8623-8A5E08C4421B}.Release|Any CPU.Build.0 = Release|Any CPU
	EndGlobalSection
	GlobalSection(SolutionProperties) = preSolution
		HideSolutionNode = FALSE
	EndGlobalSection
	GlobalSection(ExtensibilityGlobals) = postSolution
		SolutionGuid = {025C4B03-41FB-4708-AE62-63CE7C59AA0C}
	EndGlobalSection
EndGlobal
